Microsoft Visual Studio Solution File, Format Version 12.00
# Visual Studio Version 17
VisualStudioVersion = 17.5.2.0
MinimumVisualStudioVersion = 10.0.40219.1
Project("{FAE04EC0-301F-11D3-BF4B-00C04F79EFBC}") = "ApiCatalogoJogos", "ApiCatalogoJogos.csproj", "{EF6BD09E-2E4C-A923-6B77-69CEBFBA2262}"
EndProject
Project("{FAE04EC0-301F-11D3-BF4B-00C04F79EFBC}") = "ExemploApiCatalogoJogos", "ExemploApiCatalogoJogos.csproj", "{336B3E24-1502-71EA-8671-456AD00698C1}"
EndProject
Global
	GlobalSection(SolutionConfigurationPlatforms) = preSolution
		Debug|Any CPU = Debug|Any CPU
		Release|Any CPU = Release|Any CPU
	EndGlobalSection
	GlobalSection(ProjectConfigurationPlatforms) = postSolution
		{EF6BD09E-2E4C-A923-6B77-69CEBFBA2262}.Debug|Any CPU.ActiveCfg = Debug|Any CPU
		{EF6BD09E-2E4C-A923-6B77-69CEBFBA2262}.Debug|Any CPU.Build.0 = Debug|Any CPU
		{EF6BD09E-2E4C-A923-6B77-69CEBFBA2262}.Release|Any CPU.ActiveCfg = Release|Any CPU
		{EF6BD09E-2E4C-A923-6B77-69CEBFBA2262}.Release|Any CPU.Build.0 = Release|Any CPU
		{336B3E24-1502-71EA-8671-456AD00698C1}.Debug|Any CPU.ActiveCfg = Debug|Any CPU
		{336B3E24-1502-71EA-8671-456AD00698C1}.Debug|Any CPU.Build.0 = Debug|Any CPU
		{336B3E24-1502-71EA-8671-456AD00698C1}.Release|Any CPU.ActiveCfg = Release|Any CPU
		{336B3E24-1502-71EA-8671-456AD00698C1}.Release|Any CPU.Build.0 = Release|Any CPU
	EndGlobalSection
	GlobalSection(SolutionProperties) = preSolution
		HideSolutionNode = FALSE
	EndGlobalSection
	GlobalSection(ExtensibilityGlobals) = postSolution
		SolutionGuid = {6B68F2D1-C937-4D13-89AB-E583827215DC}
	EndGlobalSection
EndGlobal
